
Microsoft Visual Studio Solution File, Format Version 12.00
# Visual Studio Version 16
VisualStudioVersion = 16.0.32802.440
MinimumVisualStudioVersion = 10.0.40219.1
Project("{F184B08F-C81C-45F6-A57F-5ABD9991F28F}") = "HelloWorld", "HelloWorld\HelloWorld.vbproj", "{FD23C2DC-6086-48F1-853B-D056B078B84D}"
EndProject
Project("{F184B08F-C81C-45F6-A57F-5ABD9991F28F}") = "OutputAndVariables", "OutputAndVariables\OutputAndVariables.vbproj", "{9E87248F-2E2C-4DD6-8578-D5E180BDB0BC}"
EndProject
Project("{F184B08F-C81C-45F6-A57F-5ABD9991F28F}") = "CollectUserInput", "CollectUserInput\CollectUserInput.vbproj", "{2C155562-051C-434A-93E4-133684C92751}"
EndProject
Project("{F184B08F-C81C-45F6-A57F-5ABD9991F28F}") = "Arithmetic", "Arithmetic\Arithmetic.vbproj", "{77510C25-038D-4A82-927D-2EE06DB33D1D}"
EndProject
Project("{F184B08F-C81C-45F6-A57F-5ABD9991F28F}") = "ComplexArithmetic", "ComplexArithmetic\ComplexArithmetic.vbproj", "{6EC80E08-54E2-4CC2-A063-EA45B4F3D9A6}"
EndProject
Project("{F184B08F-C81C-45F6-A57F-5ABD9991F28F}") = "Selection", "Selection\Selection.vbproj", "{040A9649-BDBC-431C-8118-B0449E64B3ED}"
EndProject
Global
	GlobalSection(SolutionConfigurationPlatforms) = preSolution
		Debug|Any CPU = Debug|Any CPU
		Release|Any CPU = Release|Any CPU
	EndGlobalSection
	GlobalSection(ProjectConfigurationPlatforms) = postSolution
		{FD23C2DC-6086-48F1-853B-D056B078B84D}.Debug|Any CPU.ActiveCfg = Debug|Any CPU
		{FD23C2DC-6086-48F1-853B-D056B078B84D}.Debug|Any CPU.Build.0 = Debug|Any CPU
		{FD23C2DC-6086-48F1-853B-D056B078B84D}.Release|Any CPU.ActiveCfg = Release|Any CPU
		{FD23C2DC-6086-48F1-853B-D056B078B84D}.Release|Any CPU.Build.0 = Release|Any CPU
		{9E87248F-2E2C-4DD6-8578-D5E180BDB0BC}.Debug|Any CPU.ActiveCfg = Debug|Any CPU
		{9E87248F-2E2C-4DD6-8578-D5E180BDB0BC}.Debug|Any CPU.Build.0 = Debug|Any CPU
		{9E87248F-2E2C-4DD6-8578-D5E180BDB0BC}.Release|Any CPU.ActiveCfg = Release|Any CPU
		{9E87248F-2E2C-4DD6-8578-D5E180BDB0BC}.Release|Any CPU.Build.0 = Release|Any CPU
		{2C155562-051C-434A-93E4-133684C92751}.Debug|Any CPU.ActiveCfg = Debug|Any CPU
		{2C155562-051C-434A-93E4-133684C92751}.Debug|Any CPU.Build.0 = Debug|Any CPU
		{2C155562-051C-434A-93E4-133684C92751}.Release|Any CPU.ActiveCfg = Release|Any CPU
		{2C155562-051C-434A-93E4-133684C92751}.Release|Any CPU.Build.0 = Release|Any CPU
		{77510C25-038D-4A82-927D-2EE06DB33D1D}.Debug|Any CPU.ActiveCfg = Debug|Any CPU
		{77510C25-038D-4A82-927D-2EE06DB33D1D}.Debug|Any CPU.Build.0 = Debug|Any CPU
		{77510C25-038D-4A82-927D-2EE06DB33D1D}.Release|Any CPU.ActiveCfg = Release|Any CPU
		{77510C25-038D-4A82-927D-2EE06DB33D1D}.Release|Any CPU.Build.0 = Release|Any CPU
		{6EC80E08-54E2-4CC2-A063-EA45B4F3D9A6}.Debug|Any CPU.ActiveCfg = Debug|Any CPU
		{6EC80E08-54E2-4CC2-A063-EA45B4F3D9A6}.Debug|Any CPU.Build.0 = Debug|Any CPU
		{6EC80E08-54E2-4CC2-A063-EA45B4F3D9A6}.Release|Any CPU.ActiveCfg = Release|Any CPU
		{6EC80E08-54E2-4CC2-A063-EA45B4F3D9A6}.Release|Any CPU.Build.0 = Release|Any CPU
		{040A9649-BDBC-431C-8118-B0449E64B3ED}.Debug|Any CPU.ActiveCfg = Debug|Any CPU
		{040A9649-BDBC-431C-8118-B0449E64B3ED}.Debug|Any CPU.Build.0 = Debug|Any CPU
		{040A9649-BDBC-431C-8118-B0449E64B3ED}.Release|Any CPU.ActiveCfg = Release|Any CPU
		{040A9649-BDBC-431C-8118-B0449E64B3ED}.Release|Any CPU.Build.0 = Release|Any CPU
	EndGlobalSection
	GlobalSection(SolutionProperties) = preSolution
		HideSolutionNode = FALSE
	EndGlobalSection
	GlobalSection(ExtensibilityGlobals) = postSolution
		SolutionGuid = {5445D3EE-EB50-48A4-A7A4-FD96BFF7DB4E}
	EndGlobalSection
EndGlobal
